
Microsoft Visual Studio Solution File, Format Version 12.00
# Visual Studio Version 16
VisualStudioVersion = 16.0.29806.167
MinimumVisualStudioVersion = 10.0.40219.1
Project("{9A19103F-16F7-4668-BE54-9A1E7A4F7556}") = "WS_Vzdynasklade_ActualCounts", "WS_Vzdynasklade_ActualCounts\WS_Vzdynasklade_ActualCounts.csproj", "{39CE1EFC-231A-4F31-A476-B84482A37932}"
EndProject
Project("{9A19103F-16F7-4668-BE54-9A1E7A4F7556}") = "WS_Vzdynasklade_Statistiky", "WS_Vzdynasklade_Statistiky\WS_Vzdynasklade_Statistiky.csproj", "{299FC214-F788-4388-9C45-E95938A8571B}"
EndProject
Project("{FAE04EC0-301F-11D3-BF4B-00C04F79EFBC}") = "InfoTabule", "InfoTabule\InfoTabule.csproj", "{46F98A5E-9066-4B12-AF9A-27178C3E2A07}"
EndProject
Global
	GlobalSection(SolutionConfigurationPlatforms) = preSolution
		Debug|Any CPU = Debug|Any CPU
		Release|Any CPU = Release|Any CPU
	EndGlobalSection
	GlobalSection(ProjectConfigurationPlatforms) = postSolution
		{39CE1EFC-231A-4F31-A476-B84482A37932}.Debug|Any CPU.ActiveCfg = Debug|Any CPU
		{39CE1EFC-231A-4F31-A476-B84482A37932}.Debug|Any CPU.Build.0 = Debug|Any CPU
		{39CE1EFC-231A-4F31-A476-B84482A37932}.Release|Any CPU.ActiveCfg = Release|Any CPU
		{39CE1EFC-231A-4F31-A476-B84482A37932}.Release|Any CPU.Build.0 = Release|Any CPU
		{299FC214-F788-4388-9C45-E95938A8571B}.Debug|Any CPU.ActiveCfg = Debug|Any CPU
		{299FC214-F788-4388-9C45-E95938A8571B}.Debug|Any CPU.Build.0 = Debug|Any CPU
		{299FC214-F788-4388-9C45-E95938A8571B}.Release|Any CPU.ActiveCfg = Release|Any CPU
		{299FC214-F788-4388-9C45-E95938A8571B}.Release|Any CPU.Build.0 = Release|Any CPU
		{46F98A5E-9066-4B12-AF9A-27178C3E2A07}.Debug|Any CPU.ActiveCfg = Debug|Any CPU
		{46F98A5E-9066-4B12-AF9A-27178C3E2A07}.Debug|Any CPU.Build.0 = Debug|Any CPU
		{46F98A5E-9066-4B12-AF9A-27178C3E2A07}.Release|Any CPU.ActiveCfg = Release|Any CPU
		{46F98A5E-9066-4B12-AF9A-27178C3E2A07}.Release|Any CPU.Build.0 = Release|Any CPU
	EndGlobalSection
	GlobalSection(SolutionProperties) = preSolution
		HideSolutionNode = FALSE
	EndGlobalSection
	GlobalSection(ExtensibilityGlobals) = postSolution
		SolutionGuid = {18347B4C-4378-4A27-A0F8-F15B18C04E7B}
	EndGlobalSection
EndGlobal
